// !$*UTF8*$!
{
	archiveVersion = 1;
	classes = {
	};
	objectVersion = 46;
	objects = {

/* Begin PBXBuildFile section */
		23B49D171E1257550067E53F /* main.m in Sources */ = {isa = PBXBuildFile; fileRef = 23B49D161E1257550067E53F /* main.m */; };
		23B49D1A1E1257550067E53F /* AppDelegate.m in Sources */ = {isa = PBXBuildFile; fileRef = 23B49D191E1257550067E53F /* AppDelegate.m */; };
		23B49D1D1E1257550067E53F /* ViewController.m in Sources */ = {isa = PBXBuildFile; fileRef = 23B49D1C1E1257550067E53F /* ViewController.m */; };
		23B49D201E1257550067E53F /* Main.storyboard in Resources */ = {isa = PBXBuildFile; fileRef = 23B49D1E1E1257550067E53F /* Main.storyboard */; };
		23B49D221E1257550067E53F /* Assets.xcassets in Resources */ = {isa = PBXBuildFile; fileRef = 23B49D211E1257550067E53F /* Assets.xcassets */; };
		23B49D251E1257550067E53F /* LaunchScreen.storyboard in Resources */ = {isa = PBXBuildFile; fileRef = 23B49D231E1257550067E53F /* LaunchScreen.storyboard */; };
		23B49D7A1E1257BE0067E53F /* MASCompositeConstraint.m in Sources */ = {isa = PBXBuildFile; fileRef = 23B49D641E1257BE0067E53F /* MASCompositeConstraint.m */; };
		23B49D7B1E1257BE0067E53F /* MASConstraint.m in Sources */ = {isa = PBXBuildFile; fileRef = 23B49D671E1257BE0067E53F /* MASConstraint.m */; };
		23B49D7C1E1257BE0067E53F /* MASConstraintMaker.m in Sources */ = {isa = PBXBuildFile; fileRef = 23B49D691E1257BE0067E53F /* MASConstraintMaker.m */; };
		23B49D7D1E1257BE0067E53F /* MASLayoutConstraint.m in Sources */ = {isa = PBXBuildFile; fileRef = 23B49D6B1E1257BE0067E53F /* MASLayoutConstraint.m */; };
		23B49D7E1E1257BE0067E53F /* MASViewAttribute.m in Sources */ = {isa = PBXBuildFile; fileRef = 23B49D6F1E1257BE0067E53F /* MASViewAttribute.m */; };
		23B49D7F1E1257BE0067E53F /* MASViewConstraint.m in Sources */ = {isa = PBXBuildFile; fileRef = 23B49D711E1257BE0067E53F /* MASViewConstraint.m */; };
		23B49D801E1257BE0067E53F /* NSArray+MASAdditions.m in Sources */ = {isa = PBXBuildFile; fileRef = 23B49D731E1257BE0067E53F /* NSArray+MASAdditions.m */; };
		23B49D811E1257BE0067E53F /* NSLayoutConstraint+MASDebugAdditions.m in Sources */ = {isa = PBXBuildFile; fileRef = 23B49D761E1257BE0067E53F /* NSLayoutConstraint+MASDebugAdditions.m */; };
		23B49D821E1257BE0067E53F /* View+MASAdditions.m in Sources */ = {isa = PBXBuildFile; fileRef = 23B49D781E1257BE0067E53F /* View+MASAdditions.m */; };
		23B49DA91E12AFC80067E53F /* CameraView.m in Sources */ = {isa = PBXBuildFile; fileRef = 23B49D861E12AFC80067E53F /* CameraView.m */; };
		23B49DAA1E12AFC80067E53F /* CaptureSessionCoordinator.m in Sources */ = {isa = PBXBuildFile; fileRef = 23B49D881E12AFC80067E53F /* CaptureSessionCoordinator.m */; };
		23B49DAB1E12AFC80067E53F /* CaptureSessionPipelineViewController.m in Sources */ = {isa = PBXBuildFile; fileRef = 23B49D8A1E12AFC80067E53F /* CaptureSessionPipelineViewController.m */; };
		23B49DAC1E12AFC80067E53F /* PermissionsManager.m in Sources */ = {isa = PBXBuildFile; fileRef = 23B49D8C1E12AFC80067E53F /* PermissionsManager.m */; };
		23B49DAD1E12AFC80067E53F /* PreviewPhotoViewController.m in Sources */ = {isa = PBXBuildFile; fileRef = 23B49D8E1E12AFC80067E53F /* PreviewPhotoViewController.m */; };
		23B49DAE1E12AFC80067E53F /* my-profile-new-photo@2x.png in Resources */ = {isa = PBXBuildFile; fileRef = 23B49D901E12AFC80067E53F /* my-profile-new-photo@2x.png */; };
		23B49DAF1E12AFC80067E53F /* my-profile-select-photo_default@2x.png in Resources */ = {isa = PBXBuildFile; fileRef = 23B49D911E12AFC80067E53F /* my-profile-select-photo_default@2x.png */; };
		23B49DB01E12AFC80067E53F /* step4-upload-pictures-select@2x.png in Resources */ = {isa = PBXBuildFile; fileRef = 23B49D921E12AFC80067E53F /* step4-upload-pictures-select@2x.png */; };
		23B49DB11E12AFC80067E53F /* UIImage+Extension.m in Sources */ = {isa = PBXBuildFile; fileRef = 23B49D941E12AFC80067E53F /* UIImage+Extension.m */; };
		23B49DB21E12AFC80067E53F /* PhotoAlbumCell.m in Sources */ = {isa = PBXBuildFile; fileRef = 23B49D971E12AFC80067E53F /* PhotoAlbumCell.m */; };
		23B49DB31E12AFC80067E53F /* PhotoAlbumViewController.m in Sources */ = {isa = PBXBuildFile; fileRef = 23B49D991E12AFC80067E53F /* PhotoAlbumViewController.m */; };
		23B49DB41E12AFC80067E53F /* PhotoCoordinator.m in Sources */ = {isa = PBXBuildFile; fileRef = 23B49D9B1E12AFC80067E53F /* PhotoCoordinator.m */; };
		23B49DB51E12AFC80067E53F /* PhotoPickerCell.m in Sources */ = {isa = PBXBuildFile; fileRef = 23B49D9D1E12AFC80067E53F /* PhotoPickerCell.m */; };
		23B49DB61E12AFC80067E53F /* PhotoPickerViewController.m in Sources */ = {isa = PBXBuildFile; fileRef = 23B49D9F1E12AFC80067E53F /* PhotoPickerViewController.m */; };
		23B49DB71E12AFC80067E53F /* PlaceholderCell.m in Sources */ = {isa = PBXBuildFile; fileRef = 23B49DA11E12AFC80067E53F /* PlaceholderCell.m */; };
		23B49DB81E12AFC80067E53F /* SwipeView.m in Sources */ = {isa = PBXBuildFile; fileRef = 23B49DA61E12AFC80067E53F /* SwipeView.m */; };
		23B49DB91E12AFC80067E53F /* PhotosBrowserViewController.m in Sources */ = {isa = PBXBuildFile; fileRef = 23B49DA81E12AFC80067E53F /* PhotosBrowserViewController.m */; };
/* End PBXBuildFile section */

/* Begin PBXFileReference section */
		23B49D121E1257550067E53F /* ayiCamera.app */ = {isa = PBXFileReference; explicitFileType = wrapper.application; includeInIndex = 0; path = ayiCamera.app; sourceTree = BUILT_PRODUCTS_DIR; };
		23B49D161E1257550067E53F /* main.m */ = {isa = PBXFileReference; lastKnownFileType = sourcecode.c.objc; path = main.m; sourceTree = "<group>"; };
		23B49D181E1257550067E53F /* AppDelegate.h */ = {isa = PBXFileReference; lastKnownFileType = sourcecode.c.h; path = AppDelegate.h; sourceTree = "<group>"; };
		23B49D191E1257550067E53F /* AppDelegate.m */ = {isa = PBXFileReference; lastKnownFileType = sourcecode.c.objc; path = AppDelegate.m; sourceTree = "<group>"; };
		23B49D1B1E1257550067E53F /* ViewController.h */ = {isa = PBXFileReference; lastKnownFileType = sourcecode.c.h; path = ViewController.h; sourceTree = "<group>"; };
		23B49D1C1E1257550067E53F /* ViewController.m */ = {isa = PBXFileReference; lastKnownFileType = sourcecode.c.objc; path = ViewController.m; sourceTree = "<group>"; };
		23B49D1F1E1257550067E53F /* Base */ = {isa = PBXFileReference; lastKnownFileType = file.storyboard; name = Base; path = Base.lproj/Main.storyboard; sourceTree = "<group>"; };
		23B49D211E1257550067E53F /* Assets.xcassets */ = {isa = PBXFileReference; lastKnownFileType = folder.assetcatalog; path = Assets.xcassets; sourceTree = "<group>"; };
		23B49D241E1257550067E53F /* Base */ = {isa = PBXFileReference; lastKnownFileType = file.storyboard; name = Base; path = Base.lproj/LaunchScreen.storyboard; sourceTree = "<group>"; };
		23B49D261E1257550067E53F /* Info.plist */ = {isa = PBXFileReference; lastKnownFileType = text.plist.xml; path = Info.plist; sourceTree = "<group>"; };
		23B49D631E1257BE0067E53F /* MASCompositeConstraint.h */ = {isa = PBXFileReference; fileEncoding = 4; lastKnownFileType = sourcecode.c.h; path = MASCompositeConstraint.h; sourceTree = "<group>"; };
		23B49D641E1257BE0067E53F /* MASCompositeConstraint.m */ = {isa = PBXFileReference; fileEncoding = 4; lastKnownFileType = sourcecode.c.objc; path = MASCompositeConstraint.m; sourceTree = "<group>"; };
		23B49D651E1257BE0067E53F /* MASConstraint+Private.h */ = {isa = PBXFileReference; fileEncoding = 4; lastKnownFileType = sourcecode.c.h; path = "MASConstraint+Private.h"; sourceTree = "<group>"; };
		23B49D661E1257BE0067E53F /* MASConstraint.h */ = {isa = PBXFileReference; fileEncoding = 4; lastKnownFileType = sourcecode.c.h; path = MASConstraint.h; sourceTree = "<group>"; };
		23B49D671E1257BE0067E53F /* MASConstraint.m */ = {isa = PBXFileReference; fileEncoding = 4; lastKnownFileType = sourcecode.c.objc; path = MASConstraint.m; sourceTree = "<group>"; };
		23B49D681E1257BE0067E53F /* MASConstraintMaker.h */ = {isa = PBXFileReference; fileEncoding = 4; lastKnownFileType = sourcecode.c.h; path = MASConstraintMaker.h; sourceTree = "<group>"; };
		23B49D691E1257BE0067E53F /* MASConstraintMaker.m */ = {isa = PBXFileReference; fileEncoding = 4; lastKnownFileType = sourcecode.c.objc; path = MASConstraintMaker.m; sourceTree = "<group>"; };
		23B49D6A1E1257BE0067E53F /* MASLayoutConstraint.h */ = {isa = PBXFileReference; fileEncoding = 4; lastKnownFileType = sourcecode.c.h; path = MASLayoutConstraint.h; sourceTree = "<group>"; };
		23B49D6B1E1257BE0067E53F /* MASLayoutConstraint.m */ = {isa = PBXFileReference; fileEncoding = 4; lastKnownFileType = sourcecode.c.objc; path = MASLayoutConstraint.m; sourceTree = "<group>"; };
		23B49D6C1E1257BE0067E53F /* Masonry.h */ = {isa = PBXFileReference; fileEncoding = 4; lastKnownFileType = sourcecode.c.h; path = Masonry.h; sourceTree = "<group>"; };
		23B49D6D1E1257BE0067E53F /* MASUtilities.h */ = {isa = PBXFileReference; fileEncoding = 4; lastKnownFileType = sourcecode.c.h; path = MASUtilities.h; sourceTree = "<group>"; };
		23B49D6E1E1257BE0067E53F /* MASViewAttribute.h */ = {isa = PBXFileReference; fileEncoding = 4; lastKnownFileType = sourcecode.c.h; path = MASViewAttribute.h; sourceTree = "<group>"; };
		23B49D6F1E1257BE0067E53F /* MASViewAttribute.m */ = {isa = PBXFileReference; fileEncoding = 4; lastKnownFileType = sourcecode.c.objc; path = MASViewAttribute.m; sourceTree = "<group>"; };
		23B49D701E1257BE0067E53F /* MASViewConstraint.h */ = {isa = PBXFileReference; fileEncoding = 4; lastKnownFileType = sourcecode.c.h; path = MASViewConstraint.h; sourceTree = "<group>"; };
		23B49D711E1257BE0067E53F /* MASViewConstraint.m */ = {isa = PBXFileReference; fileEncoding = 4; lastKnownFileType = sourcecode.c.objc; path = MASViewConstraint.m; sourceTree = "<group>"; };
		23B49D721E1257BE0067E53F /* NSArray+MASAdditions.h */ = {isa = PBXFileReference; fileEncoding = 4; lastKnownFileType = sourcecode.c.h; path = "NSArray+MASAdditions.h"; sourceTree = "<group>"; };
		23B49D731E1257BE0067E53F /* NSArray+MASAdditions.m */ = {isa = PBXFileReference; fileEncoding = 4; lastKnownFileType = sourcecode.c.objc; path = "NSArray+MASAdditions.m"; sourceTree = "<group>"; };
		23B49D741E1257BE0067E53F /* NSArray+MASShorthandAdditions.h */ = {isa = PBXFileReference; fileEncoding = 4; lastKnownFileType = sourcecode.c.h; path = "NSArray+MASShorthandAdditions.h"; sourceTree = "<group>"; };
		23B49D751E1257BE0067E53F /* NSLayoutConstraint+MASDebugAdditions.h */ = {isa = PBXFileReference; fileEncoding = 4; lastKnownFileType = sourcecode.c.h; path = "NSLayoutConstraint+MASDebugAdditions.h"; sourceTree = "<group>"; };
		23B49D761E1257BE0067E53F /* NSLayoutConstraint+MASDebugAdditions.m */ = {isa = PBXFileReference; fileEncoding = 4; lastKnownFileType = sourcecode.c.objc; path = "NSLayoutConstraint+MASDebugAdditions.m"; sourceTree = "<group>"; };
		23B49D771E1257BE0067E53F /* View+MASAdditions.h */ = {isa = PBXFileReference; fileEncoding = 4; lastKnownFileType = sourcecode.c.h; path = "View+MASAdditions.h"; sourceTree = "<group>"; };
		23B49D781E1257BE0067E53F /* View+MASAdditions.m */ = {isa = PBXFileReference; fileEncoding = 4; lastKnownFileType = sourcecode.c.objc; path = "View+MASAdditions.m"; sourceTree = "<group>"; };
		23B49D791E1257BE0067E53F /* View+MASShorthandAdditions.h */ = {isa = PBXFileReference; fileEncoding = 4; lastKnownFileType = sourcecode.c.h; path = "View+MASShorthandAdditions.h"; sourceTree = "<group>"; };
		23B49D851E12AFC80067E53F /* CameraView.h */ = {isa = PBXFileReference; fileEncoding = 4; lastKnownFileType = sourcecode.c.h; path = CameraView.h; sourceTree = "<group>"; };
		23B49D861E12AFC80067E53F /* CameraView.m */ = {isa = PBXFileReference; fileEncoding = 4; lastKnownFileType = sourcecode.c.objc; path = CameraView.m; sourceTree = "<group>"; };
		23B49D871E12AFC80067E53F /* CaptureSessionCoordinator.h */ = {isa = PBXFileReference; fileEncoding = 4; lastKnownFileType = sourcecode.c.h; path = CaptureSessionCoordinator.h; sourceTree = "<group>"; };
		23B49D881E12AFC80067E53F /* CaptureSessionCoordinator.m */ = {isa = PBXFileReference; fileEncoding = 4; lastKnownFileType = sourcecode.c.objc; path = CaptureSessionCoordinator.m; sourceTree = "<group>"; };
		23B49D891E12AFC80067E53F /* CaptureSessionPipelineViewController.h */ = {isa = PBXFileReference; fileEncoding = 4; lastKnownFileType = sourcecode.c.h; path = CaptureSessionPipelineViewController.h; sourceTree = "<group>"; };
		23B49D8A1E12AFC80067E53F /* CaptureSessionPipelineViewController.m */ = {isa = PBXFileReference; fileEncoding = 4; lastKnownFileType = sourcecode.c.objc; path = CaptureSessionPipelineViewController.m; sourceTree = "<group>"; };
		23B49D8B1E12AFC80067E53F /* PermissionsManager.h */ = {isa = PBXFileReference; fileEncoding = 4; lastKnownFileType = sourcecode.c.h; path = PermissionsManager.h; sourceTree = "<group>"; };
		23B49D8C1E12AFC80067E53F /* PermissionsManager.m */ = {isa = PBXFileReference; fileEncoding = 4; lastKnownFileType = sourcecode.c.objc; path = PermissionsManager.m; sourceTree = "<group>"; };
		23B49D8D1E12AFC80067E53F /* PreviewPhotoViewController.h */ = {isa = PBXFileReference; fileEncoding = 4; lastKnownFileType = sourcecode.c.h; path = PreviewPhotoViewController.h; sourceTree = "<group>"; };
		23B49D8E1E12AFC80067E53F /* PreviewPhotoViewController.m */ = {isa = PBXFileReference; fileEncoding = 4; lastKnownFileType = sourcecode.c.objc; path = PreviewPhotoViewController.m; sourceTree = "<group>"; };
		23B49D901E12AFC80067E53F /* my-profile-new-photo@2x.png */ = {isa = PBXFileReference; lastKnownFileType = image.png; path = "my-profile-new-photo@2x.png"; sourceTree = "<group>"; };
		23B49D911E12AFC80067E53F /* my-profile-select-photo_default@2x.png */ = {isa = PBXFileReference; lastKnownFileType = image.png; path = "my-profile-select-photo_default@2x.png"; sourceTree = "<group>"; };
		23B49D921E12AFC80067E53F /* step4-upload-pictures-select@2x.png */ = {isa = PBXFileReference; lastKnownFileType = image.png; path = "step4-upload-pictures-select@2x.png"; sourceTree = "<group>"; };
		23B49D931E12AFC80067E53F /* UIImage+Extension.h */ = {isa = PBXFileReference; fileEncoding = 4; lastKnownFileType = sourcecode.c.h; path = "UIImage+Extension.h"; sourceTree = "<group>"; };
		23B49D941E12AFC80067E53F /* UIImage+Extension.m */ = {isa = PBXFileReference; fileEncoding = 4; lastKnownFileType = sourcecode.c.objc; path = "UIImage+Extension.m"; sourceTree = "<group>"; };
		23B49D961E12AFC80067E53F /* PhotoAlbumCell.h */ = {isa = PBXFileReference; fileEncoding = 4; lastKnownFileType = sourcecode.c.h; path = PhotoAlbumCell.h; sourceTree = "<group>"; };
		23B49D971E12AFC80067E53F /* PhotoAlbumCell.m */ = {isa = PBXFileReference; fileEncoding = 4; lastKnownFileType = sourcecode.c.objc; path = PhotoAlbumCell.m; sourceTree = "<group>"; };
		23B49D981E12AFC80067E53F /* PhotoAlbumViewController.h */ = {isa = PBXFileReference; fileEncoding = 4; lastKnownFileType = sourcecode.c.h; path = PhotoAlbumViewController.h; sourceTree = "<group>"; };
		23B49D991E12AFC80067E53F /* PhotoAlbumViewController.m */ = {isa = PBXFileReference; fileEncoding = 4; lastKnownFileType = sourcecode.c.objc; path = PhotoAlbumViewController.m; sourceTree = "<group>"; };
		23B49D9A1E12AFC80067E53F /* PhotoCoordinator.h */ = {isa = PBXFileReference; fileEncoding = 4; lastKnownFileType = sourcecode.c.h; path = PhotoCoordinator.h; sourceTree = "<group>"; };
		23B49D9B1E12AFC80067E53F /* PhotoCoordinator.m */ = {isa = PBXFileReference; fileEncoding = 4; lastKnownFileType = sourcecode.c.objc; path = PhotoCoordinator.m; sourceTree = "<group>"; };
		23B49D9C1E12AFC80067E53F /* PhotoPickerCell.h */ = {isa = PBXFileReference; fileEncoding = 4; lastKnownFileType = sourcecode.c.h; path = PhotoPickerCell.h; sourceTree = "<group>"; };
		23B49D9D1E12AFC80067E53F /* PhotoPickerCell.m */ = {isa = PBXFileReference; fileEncoding = 4; lastKnownFileType = sourcecode.c.objc; path = PhotoPickerCell.m; sourceTree = "<group>"; };
		23B49D9E1E12AFC80067E53F /* PhotoPickerViewController.h */ = {isa = PBXFileReference; fileEncoding = 4; lastKnownFileType = sourcecode.c.h; path = PhotoPickerViewController.h; sourceTree = "<group>"; };
		23B49D9F1E12AFC80067E53F /* PhotoPickerViewController.m */ = {isa = PBXFileReference; fileEncoding = 4; lastKnownFileType = sourcecode.c.objc; path = PhotoPickerViewController.m; sourceTree = "<group>"; };
		23B49DA01E12AFC80067E53F /* PlaceholderCell.h */ = {isa = PBXFileReference; fileEncoding = 4; lastKnownFileType = sourcecode.c.h; path = PlaceholderCell.h; sourceTree = "<group>"; };
		23B49DA11E12AFC80067E53F /* PlaceholderCell.m */ = {isa = PBXFileReference; fileEncoding = 4; lastKnownFileType = sourcecode.c.objc; path = PlaceholderCell.m; sourceTree = "<group>"; };
		23B49DA51E12AFC80067E53F /* SwipeView.h */ = {isa = PBXFileReference; fileEncoding = 4; lastKnownFileType = sourcecode.c.h; path = SwipeView.h; sourceTree = "<group>"; };
		23B49DA61E12AFC80067E53F /* SwipeView.m */ = {isa = PBXFileReference; fileEncoding = 4; lastKnownFileType = sourcecode.c.objc; path = SwipeView.m; sourceTree = "<group>"; };
		23B49DA71E12AFC80067E53F /* PhotosBrowserViewController.h */ = {isa = PBXFileReference; fileEncoding = 4; lastKnownFileType = sourcecode.c.h; path = PhotosBrowserViewController.h; sourceTree = "<group>"; };
		23B49DA81E12AFC80067E53F /* PhotosBrowserViewController.m */ = {isa = PBXFileReference; fileEncoding = 4; lastKnownFileType = sourcecode.c.objc; path = PhotosBrowserViewController.m; sourceTree = "<group>"; };
/* End PBXFileReference section */

/* Begin PBXFrameworksBuildPhase section */
		23B49D0F1E1257550067E53F /* Frameworks */ = {
			isa = PBXFrameworksBuildPhase;
			buildActionMask = 2147483647;
			files = (
			);
			runOnlyForDeploymentPostprocessing = 0;
		};
/* End PBXFrameworksBuildPhase section */

/* Begin PBXGroup section */
		23B49D091E1257550067E53F = {
			isa = PBXGroup;
			children = (
				23B49D141E1257550067E53F /* ayiCamera */,
				23B49D131E1257550067E53F /* Products */,
			);
			sourceTree = "<group>";
		};
		23B49D131E1257550067E53F /* Products */ = {
			isa = PBXGroup;
			children = (
				23B49D121E1257550067E53F /* ayiCamera.app */,
			);
			name = Products;
			sourceTree = "<group>";
		};
		23B49D141E1257550067E53F /* ayiCamera */ = {
			isa = PBXGroup;
			children = (
				23B49D831E12AFC80067E53F /* ayi */,
				23B49D181E1257550067E53F /* AppDelegate.h */,
				23B49D191E1257550067E53F /* AppDelegate.m */,
				23B49D1B1E1257550067E53F /* ViewController.h */,
				23B49D1C1E1257550067E53F /* ViewController.m */,
				23B49D621E1257BE0067E53F /* Masonry */,
				23B49D1E1E1257550067E53F /* Main.storyboard */,
				23B49D211E1257550067E53F /* Assets.xcassets */,
				23B49D231E1257550067E53F /* LaunchScreen.storyboard */,
				23B49D261E1257550067E53F /* Info.plist */,
				23B49D151E1257550067E53F /* Supporting Files */,
			);
			path = ayiCamera;
			sourceTree = "<group>";
		};
		23B49D151E1257550067E53F /* Supporting Files */ = {
			isa = PBXGroup;
			children = (
				23B49D161E1257550067E53F /* main.m */,
			);
			name = "Supporting Files";
			sourceTree = "<group>";
		};
		23B49D621E1257BE0067E53F /* Masonry */ = {
			isa = PBXGroup;
			children = (
				23B49D631E1257BE0067E53F /* MASCompositeConstraint.h */,
				23B49D641E1257BE0067E53F /* MASCompositeConstraint.m */,
				23B49D651E1257BE0067E53F /* MASConstraint+Private.h */,
				23B49D661E1257BE0067E53F /* MASConstraint.h */,
				23B49D671E1257BE0067E53F /* MASConstraint.m */,
				23B49D681E1257BE0067E53F /* MASConstraintMaker.h */,
				23B49D691E1257BE0067E53F /* MASConstraintMaker.m */,
				23B49D6A1E1257BE0067E53F /* MASLayoutConstraint.h */,
				23B49D6B1E1257BE0067E53F /* MASLayoutConstraint.m */,
				23B49D6C1E1257BE0067E53F /* Masonry.h */,
				23B49D6D1E1257BE0067E53F /* MASUtilities.h */,
				23B49D6E1E1257BE0067E53F /* MASViewAttribute.h */,
				23B49D6F1E1257BE0067E53F /* MASViewAttribute.m */,
				23B49D701E1257BE0067E53F /* MASViewConstraint.h */,
				23B49D711E1257BE0067E53F /* MASViewConstraint.m */,
				23B49D721E1257BE0067E53F /* NSArray+MASAdditions.h */,
				23B49D731E1257BE0067E53F /* NSArray+MASAdditions.m */,
				23B49D741E1257BE0067E53F /* NSArray+MASShorthandAdditions.h */,
				23B49D751E1257BE0067E53F /* NSLayoutConstraint+MASDebugAdditions.h */,
				23B49D761E1257BE0067E53F /* NSLayoutConstraint+MASDebugAdditions.m */,
				23B49D771E1257BE0067E53F /* View+MASAdditions.h */,
				23B49D781E1257BE0067E53F /* View+MASAdditions.m */,
				23B49D791E1257BE0067E53F /* View+MASShorthandAdditions.h */,
			);
			path = Masonry;
			sourceTree = "<group>";
		};
		23B49D831E12AFC80067E53F /* ayi */ = {
			isa = PBXGroup;
			children = (
				23B49D841E12AFC80067E53F /* CameraCoordinator */,
				23B49D951E12AFC80067E53F /* PhotoCoordinator */,
				23B49DA21E12AFC80067E53F /* PhotosBrowser */,
			);
			path = ayi;
			sourceTree = "<group>";
		};
		23B49D841E12AFC80067E53F /* CameraCoordinator */ = {
			isa = PBXGroup;
			children = (
				23B49D851E12AFC80067E53F /* CameraView.h */,
				23B49D861E12AFC80067E53F /* CameraView.m */,
				23B49D871E12AFC80067E53F /* CaptureSessionCoordinator.h */,
				23B49D881E12AFC80067E53F /* CaptureSessionCoordinator.m */,
				23B49D891E12AFC80067E53F /* CaptureSessionPipelineViewController.h */,
				23B49D8A1E12AFC80067E53F /* CaptureSessionPipelineViewController.m */,
				23B49D8B1E12AFC80067E53F /* PermissionsManager.h */,
				23B49D8C1E12AFC80067E53F /* PermissionsManager.m */,
				23B49D8D1E12AFC80067E53F /* PreviewPhotoViewController.h */,
				23B49D8E1E12AFC80067E53F /* PreviewPhotoViewController.m */,
				23B49D8F1E12AFC80067E53F /* Resoure */,
				23B49D931E12AFC80067E53F /* UIImage+Extension.h */,
				23B49D941E12AFC80067E53F /* UIImage+Extension.m */,
			);
			path = CameraCoordinator;
			sourceTree = "<group>";
		};
		23B49D8F1E12AFC80067E53F /* Resoure */ = {
			isa = PBXGroup;
			children = (
				23B49D901E12AFC80067E53F /* my-profile-new-photo@2x.png */,
				23B49D911E12AFC80067E53F /* my-profile-select-photo_default@2x.png */,
				23B49D921E12AFC80067E53F /* step4-upload-pictures-select@2x.png */,
			);
			path = Resoure;
			sourceTree = "<group>";
		};
		23B49D951E12AFC80067E53F /* PhotoCoordinator */ = {
			isa = PBXGroup;
			children = (
				23B49D961E12AFC80067E53F /* PhotoAlbumCell.h */,
				23B49D971E12AFC80067E53F /* PhotoAlbumCell.m */,
				23B49D981E12AFC80067E53F /* PhotoAlbumViewController.h */,
				23B49D991E12AFC80067E53F /* PhotoAlbumViewController.m */,
				23B49D9A1E12AFC80067E53F /* PhotoCoordinator.h */,
				23B49D9B1E12AFC80067E53F /* PhotoCoordinator.m */,
				23B49D9C1E12AFC80067E53F /* PhotoPickerCell.h */,
				23B49D9D1E12AFC80067E53F /* PhotoPickerCell.m */,
				23B49D9E1E12AFC80067E53F /* PhotoPickerViewController.h */,
				23B49D9F1E12AFC80067E53F /* PhotoPickerViewController.m */,
				23B49DA01E12AFC80067E53F /* PlaceholderCell.h */,
				23B49DA11E12AFC80067E53F /* PlaceholderCell.m */,
			);
			path = PhotoCoordinator;
			sourceTree = "<group>";
		};
		23B49DA21E12AFC80067E53F /* PhotosBrowser */ = {
			isa = PBXGroup;
			children = (
				23B49DA31E12AFC80067E53F /* Lib */,
				23B49DA71E12AFC80067E53F /* PhotosBrowserViewController.h */,
				23B49DA81E12AFC80067E53F /* PhotosBrowserViewController.m */,
			);
			path = PhotosBrowser;
			sourceTree = "<group>";
		};
		23B49DA31E12AFC80067E53F /* Lib */ = {
			isa = PBXGroup;
			children = (
				23B49DA41E12AFC80067E53F /* SwipeView */,
			);
			path = Lib;
			sourceTree = "<group>";
		};
		23B49DA41E12AFC80067E53F /* SwipeView */ = {
			isa = PBXGroup;
			children = (
				23B49DA51E12AFC80067E53F /* SwipeView.h */,
				23B49DA61E12AFC80067E53F /* SwipeView.m */,
			);
			path = SwipeView;
			sourceTree = "<group>";
		};
/* End PBXGroup section */

/* Begin PBXNativeTarget section */
		23B49D111E1257550067E53F /* ayiCamera */ = {
			isa = PBXNativeTarget;
			buildConfigurationList = 23B49D291E1257550067E53F /* Build configuration list for PBXNativeTarget "ayiCamera" */;
			buildPhases = (
				23B49D0E1E1257550067E53F /* Sources */,
				23B49D0F1E1257550067E53F /* Frameworks */,
				23B49D101E1257550067E53F /* Resources */,
			);
			buildRules = (
			);
			dependencies = (
			);
			name = ayiCamera;
			productName = ayiCamera;
			productReference = 23B49D121E1257550067E53F /* ayiCamera.app */;
			productType = "com.apple.product-type.application";
		};
/* End PBXNativeTarget section */

/* Begin PBXProject section */
		23B49D0A1E1257550067E53F /* Project object */ = {
			isa = PBXProject;
			attributes = {
				LastUpgradeCheck = 0810;
				ORGANIZATIONNAME = ayi;
				TargetAttributes = {
					23B49D111E1257550067E53F = {
						CreatedOnToolsVersion = 8.1;
						ProvisioningStyle = Automatic;
					};
				};
			};
			buildConfigurationList = 23B49D0D1E1257550067E53F /* Build configuration list for PBXProject "ayiCamera" */;
			compatibilityVersion = "Xcode 3.2";
			developmentRegion = English;
			hasScannedForEncodings = 0;
			knownRegions = (
				en,
				Base,
			);
			mainGroup = 23B49D091E1257550067E53F;
			productRefGroup = 23B49D131E1257550067E53F /* Products */;
			projectDirPath = "";
			projectRoot = "";
			targets = (
				23B49D111E1257550067E53F /* ayiCamera */,
			);
		};
/* End PBXProject section */

/* Begin PBXResourcesBuildPhase section */
		23B49D101E1257550067E53F /* Resources */ = {
			isa = PBXResourcesBuildPhase;
			buildActionMask = 2147483647;
			files = (
				23B49D251E1257550067E53F /* LaunchScreen.storyboard in Resources */,
				23B49D221E1257550067E53F /* Assets.xcassets in Resources */,
				23B49DAE1E12AFC80067E53F /* my-profile-new-photo@2x.png in Resources */,
				23B49D201E1257550067E53F /* Main.storyboard in Resources */,
				23B49DAF1E12AFC80067E53F /* my-profile-select-photo_default@2x.png in Resources */,
				23B49DB01E12AFC80067E53F /* step4-upload-pictures-select@2x.png in Resources */,
			);
			runOnlyForDeploymentPostprocessing = 0;
		};
/* End PBXResourcesBuildPhase section */

/* Begin PBXSourcesBuildPhase section */
		23B49D0E1E1257550067E53F /* Sources */ = {
			isa = PBXSourcesBuildPhase;
			buildActionMask = 2147483647;
			files = (
				23B49D7B1E1257BE0067E53F /* MASConstraint.m in Sources */,
				23B49DB61E12AFC80067E53F /* PhotoPickerViewController.m in Sources */,
				23B49DB41E12AFC80067E53F /* PhotoCoordinator.m in Sources */,
				23B49D7E1E1257BE0067E53F /* MASViewAttribute.m in Sources */,
				23B49D7C1E1257BE0067E53F /* MASConstraintMaker.m in Sources */,
				23B49DB51E12AFC80067E53F /* PhotoPickerCell.m in Sources */,
				23B49DB31E12AFC80067E53F /* PhotoAlbumViewController.m in Sources */,
				23B49DB21E12AFC80067E53F /* PhotoAlbumCell.m in Sources */,
				23B49D1D1E1257550067E53F /* ViewController.m in Sources */,
				23B49DB81E12AFC80067E53F /* SwipeView.m in Sources */,
				23B49D7F1E1257BE0067E53F /* MASViewConstraint.m in Sources */,
				23B49D821E1257BE0067E53F /* View+MASAdditions.m in Sources */,
				23B49DAC1E12AFC80067E53F /* PermissionsManager.m in Sources */,
				23B49DAD1E12AFC80067E53F /* PreviewPhotoViewController.m in Sources */,
				23B49D7A1E1257BE0067E53F /* MASCompositeConstraint.m in Sources */,
				23B49D1A1E1257550067E53F /* AppDelegate.m in Sources */,
				23B49DAA1E12AFC80067E53F /* CaptureSessionCoordinator.m in Sources */,
				23B49D7D1E1257BE0067E53F /* MASLayoutConstraint.m in Sources */,
				23B49DB91E12AFC80067E53F /* PhotosBrowserViewController.m in Sources */,
				23B49DA91E12AFC80067E53F /* CameraView.m in Sources */,
				23B49D171E1257550067E53F /* main.m in Sources */,
				23B49D811E1257BE0067E53F /* NSLayoutConstraint+MASDebugAdditions.m in Sources */,
				23B49DB11E12AFC80067E53F /* UIImage+Extension.m in Sources */,
				23B49DAB1E12AFC80067E53F /* CaptureSessionPipelineViewController.m in Sources */,
				23B49D801E1257BE0067E53F /* NSArray+MASAdditions.m in Sources */,
				23B49DB71E12AFC80067E53F /* PlaceholderCell.m in Sources */,
			);
			runOnlyForDeploymentPostprocessing = 0;
		};
/* End PBXSourcesBuildPhase section */

/* Begin PBXVariantGroup section */
		23B49D1E1E1257550067E53F /* Main.storyboard */ = {
			isa = PBXVariantGroup;
			children = (
				23B49D1F1E1257550067E53F /* Base */,
			);
			name = Main.storyboard;
			sourceTree = "<group>";
		};
		23B49D231E1257550067E53F /* LaunchScreen.storyboard */ = {
			isa = PBXVariantGroup;
			children = (
				23B49D241E1257550067E53F /* Base */,
			);
			name = LaunchScreen.storyboard;
			sourceTree = "<group>";
		};
/* End PBXVariantGroup section */

/* Begin XCBuildConfiguration section */
		23B49D271E1257550067E53F /* Debug */ = {
			isa = XCBuildConfiguration;
			buildSettings = {
				ALWAYS_SEARCH_USER_PATHS = NO;
				CLANG_ANALYZER_NONNULL = YES;
				CLANG_CXX_LANGUAGE_STANDARD = "gnu++0x";
				CLANG_CXX_LIBRARY = "libc++";
				CLANG_ENABLE_MODULES = YES;
				CLANG_ENABLE_OBJC_ARC = YES;
				CLANG_WARN_BOOL_CONVERSION = YES;
				CLANG_WARN_CONSTANT_CONVERSION = YES;
				CLANG_WARN_DIRECT_OBJC_ISA_USAGE = YES_ERROR;
				CLANG_WARN_DOCUMENTATION_COMMENTS = YES;
				CLANG_WARN_EMPTY_BODY = YES;
				CLANG_WARN_ENUM_CONVERSION = YES;
				CLANG_WARN_INFINITE_RECURSION = YES;
				CLANG_WARN_INT_CONVERSION = YES;
				CLANG_WARN_OBJC_ROOT_CLASS = YES_ERROR;
				CLANG_WARN_SUSPICIOUS_MOVES = YES;
				CLANG_WARN_UNREACHABLE_CODE = YES;
				CLANG_WARN__DUPLICATE_METHOD_MATCH = YES;
				"CODE_SIGN_IDENTITY[sdk=iphoneos*]" = "iPhone Developer";
				COPY_PHASE_STRIP = NO;
				DEBUG_INFORMATION_FORMAT = dwarf;
				ENABLE_STRICT_OBJC_MSGSEND = YES;
				ENABLE_TESTABILITY = YES;
				GCC_C_LANGUAGE_STANDARD = gnu99;
				GCC_DYNAMIC_NO_PIC = NO;
				GCC_NO_COMMON_BLOCKS = YES;
				GCC_OPTIMIZATION_LEVEL = 0;
				GCC_PREPROCESSOR_DEFINITIONS = (
					"DEBUG=1",
					"$(inherited)",
				);
				GCC_WARN_64_TO_32_BIT_CONVERSION = YES;
				GCC_WARN_ABOUT_RETURN_TYPE = YES_ERROR;
				GCC_WARN_UNDECLARED_SELECTOR = YES;
				GCC_WARN_UNINITIALIZED_AUTOS = YES_AGGRESSIVE;
				GCC_WARN_UNUSED_FUNCTION = YES;
				GCC_WARN_UNUSED_VARIABLE = YES;
				IPHONEOS_DEPLOYMENT_TARGET = 10.1;
				MTL_ENABLE_DEBUG_INFO = YES;
				ONLY_ACTIVE_ARCH = YES;
				SDKROOT = iphoneos;
				TARGETED_DEVICE_FAMILY = "1,2";
			};
			name = Debug;
		};
		23B49D281E1257550067E53F /* Release */ = {
			isa = XCBuildConfiguration;
			buildSettings = {
				ALWAYS_SEARCH_USER_PATHS = NO;
				CLANG_ANALYZER_NONNULL = YES;
				CLANG_CXX_LANGUAGE_STANDARD = "gnu++0x";
				CLANG_CXX_LIBRARY = "libc++";
				CLANG_ENABLE_MODULES = YES;
				CLANG_ENABLE_OBJC_ARC = YES;
				CLANG_WARN_BOOL_CONVERSION = YES;
				CLANG_WARN_CONSTANT_CONVERSION = YES;
				CLANG_WARN_DIRECT_OBJC_ISA_USAGE = YES_ERROR;
				CLANG_WARN_DOCUMENTATION_COMMENTS = YES;
				CLANG_WARN_EMPTY_BODY = YES;
				CLANG_WARN_ENUM_CONVERSION = YES;
				CLANG_WARN_INFINITE_RECURSION = YES;
				CLANG_WARN_INT_CONVERSION = YES;
				CLANG_WARN_OBJC_ROOT_CLASS = YES_ERROR;
				CLANG_WARN_SUSPICIOUS_MOVES = YES;
				CLANG_WARN_UNREACHABLE_CODE = YES;
				CLANG_WARN__DUPLICATE_METHOD_MATCH = YES;
				"CODE_SIGN_IDENTITY[sdk=iphoneos*]" = "iPhone Developer";
				COPY_PHASE_STRIP = NO;
				DEBUG_INFORMATION_FORMAT = "dwarf-with-dsym";
				ENABLE_NS_ASSERTIONS = NO;
				ENABLE_STRICT_OBJC_MSGSEND = YES;
				GCC_C_LANGUAGE_STANDARD = gnu99;
				GCC_NO_COMMON_BLOCKS = YES;
				GCC_WARN_64_TO_32_BIT_CONVERSION = YES;
				GCC_WARN_ABOUT_RETURN_TYPE = YES_ERROR;
				GCC_WARN_UNDECLARED_SELECTOR = YES;
				GCC_WARN_UNINITIALIZED_AUTOS = YES_AGGRESSIVE;
				GCC_WARN_UNUSED_FUNCTION = YES;
				GCC_WARN_UNUSED_VARIABLE = YES;
				IPHONEOS_DEPLOYMENT_TARGET = 10.1;
				MTL_ENABLE_DEBUG_INFO = NO;
				SDKROOT = iphoneos;
				TARGETED_DEVICE_FAMILY = "1,2";
				VALIDATE_PRODUCT = YES;
			};
			name = Release;
		};
		23B49D2A1E1257550067E53F /* Debug */ = {
			isa = XCBuildConfiguration;
			buildSettings = {
				ASSETCATALOG_COMPILER_APPICON_NAME = AppIcon;
				INFOPLIST_FILE = ayiCamera/Info.plist;
				LD_RUNPATH_SEARCH_PATHS = "$(inherited) @executable_path/Frameworks";
				PRODUCT_BUNDLE_IDENTIFIER = com.ayi.ayiCamera;
				PRODUCT_NAME = "$(TARGET_NAME)";
			};
			name = Debug;
		};
		23B49D2B1E1257550067E53F /* Release */ = {
			isa = XCBuildConfiguration;
			buildSettings = {
				ASSETCATALOG_COMPILER_APPICON_NAME = AppIcon;
				INFOPLIST_FILE = ayiCamera/Info.plist;
				LD_RUNPATH_SEARCH_PATHS = "$(inherited) @executable_path/Frameworks";
				PRODUCT_BUNDLE_IDENTIFIER = com.ayi.ayiCamera;
				PRODUCT_NAME = "$(TARGET_NAME)";
			};
			name = Release;
		};
/* End XCBuildConfiguration section */

/* Begin XCConfigurationList section */
		23B49D0D1E1257550067E53F /* Build configuration list for PBXProject "ayiCamera" */ = {
			isa = XCConfigurationList;
			buildConfigurations = (
				23B49D271E1257550067E53F /* Debug */,
				23B49D281E1257550067E53F /* Release */,
			);
			defaultConfigurationIsVisible = 0;
			defaultConfigurationName = Release;
		};
		23B49D291E1257550067E53F /* Build configuration list for PBXNativeTarget "ayiCamera" */ = {
			isa = XCConfigurationList;
			buildConfigurations = (
				23B49D2A1E1257550067E53F /* Debug */,
				23B49D2B1E1257550067E53F /* Release */,
			);
			defaultConfigurationIsVisible = 0;
			defaultConfigurationName = Release;
		};
/* End XCConfigurationList section */
	};
	rootObject = 23B49D0A1E1257550067E53F /* Project object */;
}
